
Microsoft Visual Studio Solution File, Format Version 12.00
# Visual Studio Version 17
VisualStudioVersion = 17.12.35527.113
MinimumVisualStudioVersion = 10.0.40219.1
Project("{FAE04EC0-301F-11D3-BF4B-00C04F79EFBC}") = "OnlineCasino", "OnlineCasino\OnlineCasino.csproj", "{29D5DFA2-D368-4FD7-84AE-878F1B20EA49}"
EndProject
Project("{FAE04EC0-301F-11D3-BF4B-00C04F79EFBC}") = "BankApi", "BankApi\BankApi.csproj", "{481642FD-1019-4F59-A5DE-7FBC1004B762}"
EndProject
Global
	GlobalSection(SolutionConfigurationPlatforms) = preSolution
		Debug|Any CPU = Debug|Any CPU
		Release|Any CPU = Release|Any CPU
	EndGlobalSection
	GlobalSection(ProjectConfigurationPlatforms) = postSolution
		{29D5DFA2-D368-4FD7-84AE-878F1B20EA49}.Debug|Any CPU.ActiveCfg = Debug|Any CPU
		{29D5DFA2-D368-4FD7-84AE-878F1B20EA49}.Debug|Any CPU.Build.0 = Debug|Any CPU
		{29D5DFA2-D368-4FD7-84AE-878F1B20EA49}.Release|Any CPU.ActiveCfg = Release|Any CPU
		{29D5DFA2-D368-4FD7-84AE-878F1B20EA49}.Release|Any CPU.Build.0 = Release|Any CPU
		{481642FD-1019-4F59-A5DE-7FBC1004B762}.Debug|Any CPU.ActiveCfg = Debug|Any CPU
		{481642FD-1019-4F59-A5DE-7FBC1004B762}.Debug|Any CPU.Build.0 = Debug|Any CPU
		{481642FD-1019-4F59-A5DE-7FBC1004B762}.Release|Any CPU.ActiveCfg = Release|Any CPU
		{481642FD-1019-4F59-A5DE-7FBC1004B762}.Release|Any CPU.Build.0 = Release|Any CPU
	EndGlobalSection
	GlobalSection(SolutionProperties) = preSolution
		HideSolutionNode = FALSE
	EndGlobalSection
EndGlobal
