
Microsoft Visual Studio Solution File, Format Version 12.00
# Visual Studio Version 17
VisualStudioVersion = 17.12.35527.113
MinimumVisualStudioVersion = 10.0.40219.1
Project("{FAE04EC0-301F-11D3-BF4B-00C04F79EFBC}") = "OnlineCasino", "OnlineCasino\OnlineCasino.csproj", "{29D5DFA2-D368-4FD7-84AE-878F1B20EA49}"
EndProject
Project("{FAE04EC0-301F-11D3-BF4B-00C04F79EFBC}") = "BankApi", "BankApi\BankApi.csproj", "{481642FD-1019-4F59-A5DE-7FBC1004B762}"
EndProject
Project("{FAE04EC0-301F-11D3-BF4B-00C04F79EFBC}") = "OnlineCasinoApi", "OnlineCasinoAPI\OnlineCasinoApi.csproj", "{A4474D48-8512-48B3-ACC5-009BCE234E06}"
EndProject
Project("{2150E333-8FDC-42A3-9474-1A3956D46DE8}") = "BankApi", "BankApi", "{AD77C2A3-8852-42BE-9068-93F26F0F62A3}"
EndProject
Project("{FAE04EC0-301F-11D3-BF4B-00C04F79EFBC}") = "BankApi.Business", "BankApi.Business\BankApi.Business.csproj", "{0602E582-18D6-4F3C-9C47-00E114897237}"
EndProject
Project("{FAE04EC0-301F-11D3-BF4B-00C04F79EFBC}") = "BankApi.Shared", "BankApi.Shared\BankApi.Shared.csproj", "{5AABF26F-AA22-4081-926C-D5C60E7A2EC5}"
EndProject
Project("{2150E333-8FDC-42A3-9474-1A3956D46DE8}") = "OnlineCasinoApi", "OnlineCasinoApi", "{9BDC4E16-4ECD-4476-8F7D-C854E8574371}"
EndProject
Project("{FAE04EC0-301F-11D3-BF4B-00C04F79EFBC}") = "OnlineCasinoApi.Data", "OnlineCasinoApi.Data\OnlineCasinoApi.Data.csproj", "{5DD62072-E551-4213-A6FB-D35214B95405}"
EndProject
Project("{FAE04EC0-301F-11D3-BF4B-00C04F79EFBC}") = "OnlineCasinoApi.Business", "OnlineCasinoApi.Business\OnlineCasinoApi.Business.csproj", "{8D81F428-500A-44D2-A1DA-515A330FBF04}"
EndProject
Project("{FAE04EC0-301F-11D3-BF4B-00C04F79EFBC}") = "OnlineCasinoApi.Shared", "OnlineCasinoApi.Shared\OnlineCasinoApi.Shared.csproj", "{85D426CB-E1D1-4D81-965D-F7C4DD9B26BC}"
EndProject
Project("{2150E333-8FDC-42A3-9474-1A3956D46DE8}") = "OnlineCasino", "OnlineCasino", "{BCEFB6CC-2A3F-48B6-BAE9-A66C7681DC60}"
EndProject
Project("{FAE04EC0-301F-11D3-BF4B-00C04F79EFBC}") = "OnlineCasino.Shared", "OnlineCasino.Shared\OnlineCasino.Shared.csproj", "{C529C1BE-F436-43C5-9EBA-6143DF31B71D}"
EndProject
Project("{FAE04EC0-301F-11D3-BF4B-00C04F79EFBC}") = "OnlineCasino.Business", "OnlineCasino.Business\OnlineCasino.Business.csproj", "{DAFB8C92-02B4-4FB9-8112-2D30333C9CCC}"
EndProject
Project("{FAE04EC0-301F-11D3-BF4B-00C04F79EFBC}") = "OnlineCasino.Data", "OnlineCasino.Data\OnlineCasino.Data.csproj", "{A0586370-DD88-4201-BF64-3B06B0241A8F}"
EndProject
Global
	GlobalSection(SolutionConfigurationPlatforms) = preSolution
		Debug|Any CPU = Debug|Any CPU
		Release|Any CPU = Release|Any CPU
	EndGlobalSection
	GlobalSection(ProjectConfigurationPlatforms) = postSolution
		{29D5DFA2-D368-4FD7-84AE-878F1B20EA49}.Debug|Any CPU.ActiveCfg = Debug|Any CPU
		{29D5DFA2-D368-4FD7-84AE-878F1B20EA49}.Debug|Any CPU.Build.0 = Debug|Any CPU
		{29D5DFA2-D368-4FD7-84AE-878F1B20EA49}.Release|Any CPU.ActiveCfg = Release|Any CPU
		{29D5DFA2-D368-4FD7-84AE-878F1B20EA49}.Release|Any CPU.Build.0 = Release|Any CPU
		{481642FD-1019-4F59-A5DE-7FBC1004B762}.Debug|Any CPU.ActiveCfg = Debug|Any CPU
		{481642FD-1019-4F59-A5DE-7FBC1004B762}.Debug|Any CPU.Build.0 = Debug|Any CPU
		{481642FD-1019-4F59-A5DE-7FBC1004B762}.Release|Any CPU.ActiveCfg = Release|Any CPU
		{481642FD-1019-4F59-A5DE-7FBC1004B762}.Release|Any CPU.Build.0 = Release|Any CPU
		{A4474D48-8512-48B3-ACC5-009BCE234E06}.Debug|Any CPU.ActiveCfg = Debug|Any CPU
		{A4474D48-8512-48B3-ACC5-009BCE234E06}.Debug|Any CPU.Build.0 = Debug|Any CPU
		{A4474D48-8512-48B3-ACC5-009BCE234E06}.Release|Any CPU.ActiveCfg = Release|Any CPU
		{A4474D48-8512-48B3-ACC5-009BCE234E06}.Release|Any CPU.Build.0 = Release|Any CPU
		{0602E582-18D6-4F3C-9C47-00E114897237}.Debug|Any CPU.ActiveCfg = Debug|Any CPU
		{0602E582-18D6-4F3C-9C47-00E114897237}.Debug|Any CPU.Build.0 = Debug|Any CPU
		{0602E582-18D6-4F3C-9C47-00E114897237}.Release|Any CPU.ActiveCfg = Release|Any CPU
		{0602E582-18D6-4F3C-9C47-00E114897237}.Release|Any CPU.Build.0 = Release|Any CPU
		{5AABF26F-AA22-4081-926C-D5C60E7A2EC5}.Debug|Any CPU.ActiveCfg = Debug|Any CPU
		{5AABF26F-AA22-4081-926C-D5C60E7A2EC5}.Debug|Any CPU.Build.0 = Debug|Any CPU
		{5AABF26F-AA22-4081-926C-D5C60E7A2EC5}.Release|Any CPU.ActiveCfg = Release|Any CPU
		{5AABF26F-AA22-4081-926C-D5C60E7A2EC5}.Release|Any CPU.Build.0 = Release|Any CPU
		{5DD62072-E551-4213-A6FB-D35214B95405}.Debug|Any CPU.ActiveCfg = Debug|Any CPU
		{5DD62072-E551-4213-A6FB-D35214B95405}.Debug|Any CPU.Build.0 = Debug|Any CPU
		{5DD62072-E551-4213-A6FB-D35214B95405}.Release|Any CPU.ActiveCfg = Release|Any CPU
		{5DD62072-E551-4213-A6FB-D35214B95405}.Release|Any CPU.Build.0 = Release|Any CPU
		{8D81F428-500A-44D2-A1DA-515A330FBF04}.Debug|Any CPU.ActiveCfg = Debug|Any CPU
		{8D81F428-500A-44D2-A1DA-515A330FBF04}.Debug|Any CPU.Build.0 = Debug|Any CPU
		{8D81F428-500A-44D2-A1DA-515A330FBF04}.Release|Any CPU.ActiveCfg = Release|Any CPU
		{8D81F428-500A-44D2-A1DA-515A330FBF04}.Release|Any CPU.Build.0 = Release|Any CPU
		{85D426CB-E1D1-4D81-965D-F7C4DD9B26BC}.Debug|Any CPU.ActiveCfg = Debug|Any CPU
		{85D426CB-E1D1-4D81-965D-F7C4DD9B26BC}.Debug|Any CPU.Build.0 = Debug|Any CPU
		{85D426CB-E1D1-4D81-965D-F7C4DD9B26BC}.Release|Any CPU.ActiveCfg = Release|Any CPU
		{85D426CB-E1D1-4D81-965D-F7C4DD9B26BC}.Release|Any CPU.Build.0 = Release|Any CPU
		{C529C1BE-F436-43C5-9EBA-6143DF31B71D}.Debug|Any CPU.ActiveCfg = Debug|Any CPU
		{C529C1BE-F436-43C5-9EBA-6143DF31B71D}.Debug|Any CPU.Build.0 = Debug|Any CPU
		{C529C1BE-F436-43C5-9EBA-6143DF31B71D}.Release|Any CPU.ActiveCfg = Release|Any CPU
		{C529C1BE-F436-43C5-9EBA-6143DF31B71D}.Release|Any CPU.Build.0 = Release|Any CPU
		{DAFB8C92-02B4-4FB9-8112-2D30333C9CCC}.Debug|Any CPU.ActiveCfg = Debug|Any CPU
		{DAFB8C92-02B4-4FB9-8112-2D30333C9CCC}.Debug|Any CPU.Build.0 = Debug|Any CPU
		{DAFB8C92-02B4-4FB9-8112-2D30333C9CCC}.Release|Any CPU.ActiveCfg = Release|Any CPU
		{DAFB8C92-02B4-4FB9-8112-2D30333C9CCC}.Release|Any CPU.Build.0 = Release|Any CPU
		{A0586370-DD88-4201-BF64-3B06B0241A8F}.Debug|Any CPU.ActiveCfg = Debug|Any CPU
		{A0586370-DD88-4201-BF64-3B06B0241A8F}.Debug|Any CPU.Build.0 = Debug|Any CPU
		{A0586370-DD88-4201-BF64-3B06B0241A8F}.Release|Any CPU.ActiveCfg = Release|Any CPU
		{A0586370-DD88-4201-BF64-3B06B0241A8F}.Release|Any CPU.Build.0 = Release|Any CPU
	EndGlobalSection
	GlobalSection(SolutionProperties) = preSolution
		HideSolutionNode = FALSE
	EndGlobalSection
	GlobalSection(NestedProjects) = preSolution
		{29D5DFA2-D368-4FD7-84AE-878F1B20EA49} = {BCEFB6CC-2A3F-48B6-BAE9-A66C7681DC60}
		{481642FD-1019-4F59-A5DE-7FBC1004B762} = {AD77C2A3-8852-42BE-9068-93F26F0F62A3}
		{A4474D48-8512-48B3-ACC5-009BCE234E06} = {9BDC4E16-4ECD-4476-8F7D-C854E8574371}
		{0602E582-18D6-4F3C-9C47-00E114897237} = {AD77C2A3-8852-42BE-9068-93F26F0F62A3}
		{5AABF26F-AA22-4081-926C-D5C60E7A2EC5} = {AD77C2A3-8852-42BE-9068-93F26F0F62A3}
		{5DD62072-E551-4213-A6FB-D35214B95405} = {9BDC4E16-4ECD-4476-8F7D-C854E8574371}
		{8D81F428-500A-44D2-A1DA-515A330FBF04} = {9BDC4E16-4ECD-4476-8F7D-C854E8574371}
		{85D426CB-E1D1-4D81-965D-F7C4DD9B26BC} = {9BDC4E16-4ECD-4476-8F7D-C854E8574371}
		{C529C1BE-F436-43C5-9EBA-6143DF31B71D} = {BCEFB6CC-2A3F-48B6-BAE9-A66C7681DC60}
		{DAFB8C92-02B4-4FB9-8112-2D30333C9CCC} = {BCEFB6CC-2A3F-48B6-BAE9-A66C7681DC60}
		{A0586370-DD88-4201-BF64-3B06B0241A8F} = {BCEFB6CC-2A3F-48B6-BAE9-A66C7681DC60}
	EndGlobalSection
EndGlobal
